
Microsoft Visual Studio Solution File, Format Version 12.00
# Visual Studio 2015
Project("{FAE04EC0-301F-11D3-BF4B-00C04F79EFBC}") = "Appolo", "Appolo.csproj", "{95DFD9CC-83E7-2C65-035E-070E18877F60}"
EndProject
Project("{FAE04EC0-301F-11D3-BF4B-00C04F79EFBC}") = "Appolo.Editor", "Appolo.Editor.csproj", "{73ED7F03-DFBC-BB43-E087-98FB802D8760}"
EndProject
Global
	GlobalSection(SolutionConfigurationPlatforms) = preSolution
		Debug|Any CPU = Debug|Any CPU
		Release|Any CPU = Release|Any CPU
	EndGlobalSection
	GlobalSection(ProjectConfigurationPlatforms) = postSolution
		{95DFD9CC-83E7-2C65-035E-070E18877F60}.Debug|Any CPU.ActiveCfg = Debug|Any CPU
		{95DFD9CC-83E7-2C65-035E-070E18877F60}.Debug|Any CPU.Build.0 = Debug|Any CPU
		{95DFD9CC-83E7-2C65-035E-070E18877F60}.Release|Any CPU.ActiveCfg = Release|Any CPU
		{95DFD9CC-83E7-2C65-035E-070E18877F60}.Release|Any CPU.Build.0 = Release|Any CPU
		{73ED7F03-DFBC-BB43-E087-98FB802D8760}.Debug|Any CPU.ActiveCfg = Debug|Any CPU
		{73ED7F03-DFBC-BB43-E087-98FB802D8760}.Debug|Any CPU.Build.0 = Debug|Any CPU
		{73ED7F03-DFBC-BB43-E087-98FB802D8760}.Release|Any CPU.ActiveCfg = Release|Any CPU
		{73ED7F03-DFBC-BB43-E087-98FB802D8760}.Release|Any CPU.Build.0 = Release|Any CPU
	EndGlobalSection
	GlobalSection(SolutionProperties) = preSolution
		HideSolutionNode = FALSE
	EndGlobalSection
EndGlobal
